
Microsoft Visual Studio Solution File, Format Version 12.00
# Visual Studio 2013
VisualStudioVersion = 12.0.21005.1
MinimumVisualStudioVersion = 10.0.40219.1
Project("{FAE04EC0-301F-11D3-BF4B-00C04F79EFBC}") = "Buoi 01", "Buoi 01\Buoi 01.csproj", "{F519C74A-86FA-4C43-B13C-4475D8BFAF2B}"
EndProject
Project("{FAE04EC0-301F-11D3-BF4B-00C04F79EFBC}") = "MergeSort", "MergeSort\MergeSort.csproj", "{D5026D2C-3153-4655-8068-CEC3C0838020}"
EndProject
Project("{FAE04EC0-301F-11D3-BF4B-00C04F79EFBC}") = "QuickSort", "QuickSort\QuickSort.csproj", "{B65F6141-F747-4DAE-843C-F74185C4F461}"
EndProject
Project("{FAE04EC0-301F-11D3-BF4B-00C04F79EFBC}") = "TimKiemNhiPhan", "TimKiemNhiPhan\TimKiemNhiPhan.csproj", "{0AB011D8-6785-48F9-9C47-65D64F88FA28}"
EndProject
Project("{FAE04EC0-301F-11D3-BF4B-00C04F79EFBC}") = "Nhan2SoNguyenLon", "Nhan2SoNguyenLon\Nhan2SoNguyenLon.csproj", "{B21C1CD6-9F62-4EFF-93BF-E26292FAD830}"
EndProject
Global
	GlobalSection(SolutionConfigurationPlatforms) = preSolution
		Debug|Any CPU = Debug|Any CPU
		Release|Any CPU = Release|Any CPU
	EndGlobalSection
	GlobalSection(ProjectConfigurationPlatforms) = postSolution
		{F519C74A-86FA-4C43-B13C-4475D8BFAF2B}.Debug|Any CPU.ActiveCfg = Debug|Any CPU
		{F519C74A-86FA-4C43-B13C-4475D8BFAF2B}.Debug|Any CPU.Build.0 = Debug|Any CPU
		{F519C74A-86FA-4C43-B13C-4475D8BFAF2B}.Release|Any CPU.ActiveCfg = Release|Any CPU
		{F519C74A-86FA-4C43-B13C-4475D8BFAF2B}.Release|Any CPU.Build.0 = Release|Any CPU
		{D5026D2C-3153-4655-8068-CEC3C0838020}.Debug|Any CPU.ActiveCfg = Debug|Any CPU
		{D5026D2C-3153-4655-8068-CEC3C0838020}.Debug|Any CPU.Build.0 = Debug|Any CPU
		{D5026D2C-3153-4655-8068-CEC3C0838020}.Release|Any CPU.ActiveCfg = Release|Any CPU
		{D5026D2C-3153-4655-8068-CEC3C0838020}.Release|Any CPU.Build.0 = Release|Any CPU
		{B65F6141-F747-4DAE-843C-F74185C4F461}.Debug|Any CPU.ActiveCfg = Debug|Any CPU
		{B65F6141-F747-4DAE-843C-F74185C4F461}.Debug|Any CPU.Build.0 = Debug|Any CPU
		{B65F6141-F747-4DAE-843C-F74185C4F461}.Release|Any CPU.ActiveCfg = Release|Any CPU
		{B65F6141-F747-4DAE-843C-F74185C4F461}.Release|Any CPU.Build.0 = Release|Any CPU
		{0AB011D8-6785-48F9-9C47-65D64F88FA28}.Debug|Any CPU.ActiveCfg = Debug|Any CPU
		{0AB011D8-6785-48F9-9C47-65D64F88FA28}.Debug|Any CPU.Build.0 = Debug|Any CPU
		{0AB011D8-6785-48F9-9C47-65D64F88FA28}.Release|Any CPU.ActiveCfg = Release|Any CPU
		{0AB011D8-6785-48F9-9C47-65D64F88FA28}.Release|Any CPU.Build.0 = Release|Any CPU
		{B21C1CD6-9F62-4EFF-93BF-E26292FAD830}.Debug|Any CPU.ActiveCfg = Debug|Any CPU
		{B21C1CD6-9F62-4EFF-93BF-E26292FAD830}.Debug|Any CPU.Build.0 = Debug|Any CPU
		{B21C1CD6-9F62-4EFF-93BF-E26292FAD830}.Release|Any CPU.ActiveCfg = Release|Any CPU
		{B21C1CD6-9F62-4EFF-93BF-E26292FAD830}.Release|Any CPU.Build.0 = Release|Any CPU
	EndGlobalSection
	GlobalSection(SolutionProperties) = preSolution
		HideSolutionNode = FALSE
	EndGlobalSection
EndGlobal
